
Microsoft Visual Studio Solution File, Format Version 12.00
# Visual Studio Version 16
VisualStudioVersion = 16.0.31515.178
MinimumVisualStudioVersion = 10.0.40219.1
Project("{FAE04EC0-301F-11D3-BF4B-00C04F79EFBC}") = "EZCube", "EZCube\EZCube.csproj", "{A1A07A23-9E45-4968-A82E-6F4AD3B5669A}"
EndProject
Global
	GlobalSection(SolutionConfigurationPlatforms) = preSolution
		Debug|Any CPU = Debug|Any CPU
		Release|Any CPU = Release|Any CPU
	EndGlobalSection
	GlobalSection(ProjectConfigurationPlatforms) = postSolution
		{A1A07A23-9E45-4968-A82E-6F4AD3B5669A}.Debug|Any CPU.ActiveCfg = Debug|Any CPU
		{A1A07A23-9E45-4968-A82E-6F4AD3B5669A}.Debug|Any CPU.Build.0 = Debug|Any CPU
		{A1A07A23-9E45-4968-A82E-6F4AD3B5669A}.Release|Any CPU.ActiveCfg = Release|Any CPU
		{A1A07A23-9E45-4968-A82E-6F4AD3B5669A}.Release|Any CPU.Build.0 = Release|Any CPU
	EndGlobalSection
	GlobalSection(SolutionProperties) = preSolution
		HideSolutionNode = FALSE
	EndGlobalSection
	GlobalSection(ExtensibilityGlobals) = postSolution
		SolutionGuid = {1C307566-59C1-460F-8BB7-8F524739E2AE}
	EndGlobalSection
EndGlobal
